// !$*UTF8*$!
{
	archiveVersion = 1;
	classes = {
	};
	objectVersion = 50;
	objects = {

/* Begin PBXBuildFile section */
		572B62E823F9702000FFEB29 /* AppDelegate.swift in Sources */ = {isa = PBXBuildFile; fileRef = 572B62E723F9702000FFEB29 /* AppDelegate.swift */; };
		572B62EA23F9702000FFEB29 /* SceneDelegate.swift in Sources */ = {isa = PBXBuildFile; fileRef = 572B62E923F9702000FFEB29 /* SceneDelegate.swift */; };
		572B62EF23F9702000FFEB29 /* Main.storyboard in Resources */ = {isa = PBXBuildFile; fileRef = 572B62ED23F9702000FFEB29 /* Main.storyboard */; };
		572B62F123F9702100FFEB29 /* Assets.xcassets in Resources */ = {isa = PBXBuildFile; fileRef = 572B62F023F9702100FFEB29 /* Assets.xcassets */; };
		572B62F423F9702100FFEB29 /* LaunchScreen.storyboard in Resources */ = {isa = PBXBuildFile; fileRef = 572B62F223F9702100FFEB29 /* LaunchScreen.storyboard */; };
		57CAEC6123F97A8E00674041 /* ExtUIStoryboardSegue.swift in Sources */ = {isa = PBXBuildFile; fileRef = 57CAEC6023F97A8E00674041 /* ExtUIStoryboardSegue.swift */; };
		57CAEC6923F98C9A00674041 /* NoteViewController.swift in Sources */ = {isa = PBXBuildFile; fileRef = 57CAEC6823F98C9A00674041 /* NoteViewController.swift */; };
		57CAEC6B23F98D3400674041 /* NoteListTableViewCell.swift in Sources */ = {isa = PBXBuildFile; fileRef = 57CAEC6A23F98D3400674041 /* NoteListTableViewCell.swift */; };
		57CAEC6D23F991B300674041 /* DataCenter.swift in Sources */ = {isa = PBXBuildFile; fileRef = 57CAEC6C23F991B300674041 /* DataCenter.swift */; };
		57CAEC6F23F993B600674041 /* NoteListableViewController.swift in Sources */ = {isa = PBXBuildFile; fileRef = 57CAEC6E23F993B600674041 /* NoteListableViewController.swift */; };
		57CAEC7223F9A16D00674041 /* PhotoLibraryViewController.swift in Sources */ = {isa = PBXBuildFile; fileRef = 57CAEC7123F9A16D00674041 /* PhotoLibraryViewController.swift */; };
		57CAEC7423F9A40E00674041 /* ExtUINavigation.swift in Sources */ = {isa = PBXBuildFile; fileRef = 57CAEC7323F9A40E00674041 /* ExtUINavigation.swift */; };
		57CAEC7623F9B6B100674041 /* ExtUITabBar.swift in Sources */ = {isa = PBXBuildFile; fileRef = 57CAEC7523F9B6B100674041 /* ExtUITabBar.swift */; };
		57CAEC7823FA846800674041 /* PhotoLibraryCollectionViewCell.swift in Sources */ = {isa = PBXBuildFile; fileRef = 57CAEC7723FA846800674041 /* PhotoLibraryCollectionViewCell.swift */; };
		57CAEC7E23FD571100674041 /* NoteEditViewModel.swift in Sources */ = {isa = PBXBuildFile; fileRef = 57CAEC7D23FD571100674041 /* NoteEditViewModel.swift */; };
		57CAEC8023FD5B4700674041 /* UIViewController.swift in Sources */ = {isa = PBXBuildFile; fileRef = 57CAEC7F23FD5B4700674041 /* UIViewController.swift */; };
		57CAEC8223FD882F00674041 /* ExtUIButton.swift in Sources */ = {isa = PBXBuildFile; fileRef = 57CAEC8123FD882F00674041 /* ExtUIButton.swift */; };
/* End PBXBuildFile section */

/* Begin PBXFileReference section */
		572B62E423F9702000FFEB29 /* Notepad.app */ = {isa = PBXFileReference; explicitFileType = wrapper.application; includeInIndex = 0; path = Notepad.app; sourceTree = BUILT_PRODUCTS_DIR; };
		572B62E723F9702000FFEB29 /* AppDelegate.swift */ = {isa = PBXFileReference; lastKnownFileType = sourcecode.swift; path = AppDelegate.swift; sourceTree = "<group>"; };
		572B62E923F9702000FFEB29 /* SceneDelegate.swift */ = {isa = PBXFileReference; lastKnownFileType = sourcecode.swift; path = SceneDelegate.swift; sourceTree = "<group>"; };
		572B62EE23F9702000FFEB29 /* Base */ = {isa = PBXFileReference; lastKnownFileType = file.storyboard; name = Base; path = Base.lproj/Main.storyboard; sourceTree = "<group>"; };
		572B62F023F9702100FFEB29 /* Assets.xcassets */ = {isa = PBXFileReference; lastKnownFileType = folder.assetcatalog; path = Assets.xcassets; sourceTree = "<group>"; };
		572B62F323F9702100FFEB29 /* Base */ = {isa = PBXFileReference; lastKnownFileType = file.storyboard; name = Base; path = Base.lproj/LaunchScreen.storyboard; sourceTree = "<group>"; };
		572B62F523F9702100FFEB29 /* Info.plist */ = {isa = PBXFileReference; lastKnownFileType = text.plist.xml; path = Info.plist; sourceTree = "<group>"; };
		57CAEC6023F97A8E00674041 /* ExtUIStoryboardSegue.swift */ = {isa = PBXFileReference; lastKnownFileType = sourcecode.swift; path = ExtUIStoryboardSegue.swift; sourceTree = "<group>"; };
		57CAEC6823F98C9A00674041 /* NoteViewController.swift */ = {isa = PBXFileReference; lastKnownFileType = sourcecode.swift; path = NoteViewController.swift; sourceTree = "<group>"; };
		57CAEC6A23F98D3400674041 /* NoteListTableViewCell.swift */ = {isa = PBXFileReference; lastKnownFileType = sourcecode.swift; path = NoteListTableViewCell.swift; sourceTree = "<group>"; };
		57CAEC6C23F991B300674041 /* DataCenter.swift */ = {isa = PBXFileReference; lastKnownFileType = sourcecode.swift; path = DataCenter.swift; sourceTree = "<group>"; };
		57CAEC6E23F993B600674041 /* NoteListableViewController.swift */ = {isa = PBXFileReference; lastKnownFileType = sourcecode.swift; path = NoteListableViewController.swift; sourceTree = "<group>"; };
		57CAEC7123F9A16D00674041 /* PhotoLibraryViewController.swift */ = {isa = PBXFileReference; lastKnownFileType = sourcecode.swift; path = PhotoLibraryViewController.swift; sourceTree = "<group>"; };
		57CAEC7323F9A40E00674041 /* ExtUINavigation.swift */ = {isa = PBXFileReference; lastKnownFileType = sourcecode.swift; path = ExtUINavigation.swift; sourceTree = "<group>"; };
		57CAEC7523F9B6B100674041 /* ExtUITabBar.swift */ = {isa = PBXFileReference; lastKnownFileType = sourcecode.swift; path = ExtUITabBar.swift; sourceTree = "<group>"; };
		57CAEC7723FA846800674041 /* PhotoLibraryCollectionViewCell.swift */ = {isa = PBXFileReference; lastKnownFileType = sourcecode.swift; path = PhotoLibraryCollectionViewCell.swift; sourceTree = "<group>"; };
		57CAEC7D23FD571100674041 /* NoteEditViewModel.swift */ = {isa = PBXFileReference; lastKnownFileType = sourcecode.swift; path = NoteEditViewModel.swift; sourceTree = "<group>"; };
		57CAEC7F23FD5B4700674041 /* UIViewController.swift */ = {isa = PBXFileReference; lastKnownFileType = sourcecode.swift; path = UIViewController.swift; sourceTree = "<group>"; };
		57CAEC8123FD882F00674041 /* ExtUIButton.swift */ = {isa = PBXFileReference; lastKnownFileType = sourcecode.swift; path = ExtUIButton.swift; sourceTree = "<group>"; };
/* End PBXFileReference section */

/* Begin PBXFrameworksBuildPhase section */
		572B62E123F9702000FFEB29 /* Frameworks */ = {
			isa = PBXFrameworksBuildPhase;
			buildActionMask = 2147483647;
			files = (
			);
			runOnlyForDeploymentPostprocessing = 0;
		};
/* End PBXFrameworksBuildPhase section */

/* Begin PBXGroup section */
		572B62DB23F9701F00FFEB29 = {
			isa = PBXGroup;
			children = (
				572B62E623F9702000FFEB29 /* Notepad */,
				572B62E523F9702000FFEB29 /* Products */,
			);
			sourceTree = "<group>";
		};
		572B62E523F9702000FFEB29 /* Products */ = {
			isa = PBXGroup;
			children = (
				572B62E423F9702000FFEB29 /* Notepad.app */,
			);
			name = Products;
			sourceTree = "<group>";
		};
		572B62E623F9702000FFEB29 /* Notepad */ = {
			isa = PBXGroup;
			children = (
				572B62E723F9702000FFEB29 /* AppDelegate.swift */,
				572B62E923F9702000FFEB29 /* SceneDelegate.swift */,
				57CAEC5F23F97A7200674041 /* Extensions */,
				57CAEC6523F97D2700674041 /* NoteList(Main) */,
				57CAEC6223F97CAC00674041 /* Note */,
				57CAEC7023F9A13D00674041 /* Photo Library */,
				572B62ED23F9702000FFEB29 /* Main.storyboard */,
				572B62F223F9702100FFEB29 /* LaunchScreen.storyboard */,
				572B62F023F9702100FFEB29 /* Assets.xcassets */,
				572B62F523F9702100FFEB29 /* Info.plist */,
			);
			path = Notepad;
			sourceTree = "<group>";
		};
		57CAEC5F23F97A7200674041 /* Extensions */ = {
			isa = PBXGroup;
			children = (
				57CAEC6023F97A8E00674041 /* ExtUIStoryboardSegue.swift */,
				57CAEC7323F9A40E00674041 /* ExtUINavigation.swift */,
				57CAEC7523F9B6B100674041 /* ExtUITabBar.swift */,
				57CAEC7F23FD5B4700674041 /* UIViewController.swift */,
				57CAEC8123FD882F00674041 /* ExtUIButton.swift */,
			);
			path = Extensions;
			sourceTree = "<group>";
		};
		57CAEC6223F97CAC00674041 /* Note */ = {
			isa = PBXGroup;
			children = (
				57CAEC6823F98C9A00674041 /* NoteViewController.swift */,
				57CAEC7D23FD571100674041 /* NoteEditViewModel.swift */,
			);
			path = Note;
			sourceTree = "<group>";
		};
		57CAEC6523F97D2700674041 /* NoteList(Main) */ = {
			isa = PBXGroup;
			children = (
				57CAEC6E23F993B600674041 /* NoteListableViewController.swift */,
				57CAEC6A23F98D3400674041 /* NoteListTableViewCell.swift */,
				57CAEC6C23F991B300674041 /* DataCenter.swift */,
			);
			path = "NoteList(Main)";
			sourceTree = "<group>";
		};
		57CAEC7023F9A13D00674041 /* Photo Library */ = {
			isa = PBXGroup;
			children = (
				57CAEC7123F9A16D00674041 /* PhotoLibraryViewController.swift */,
				57CAEC7723FA846800674041 /* PhotoLibraryCollectionViewCell.swift */,
			);
			path = "Photo Library";
			sourceTree = "<group>";
		};
/* End PBXGroup section */

/* Begin PBXNativeTarget section */
		572B62E323F9702000FFEB29 /* Notepad */ = {
			isa = PBXNativeTarget;
			buildConfigurationList = 572B62F823F9702100FFEB29 /* Build configuration list for PBXNativeTarget "Notepad" */;
			buildPhases = (
				572B62E023F9702000FFEB29 /* Sources */,
				572B62E123F9702000FFEB29 /* Frameworks */,
				572B62E223F9702000FFEB29 /* Resources */,
			);
			buildRules = (
			);
			dependencies = (
			);
			name = Notepad;
			productName = Notepad;
			productReference = 572B62E423F9702000FFEB29 /* Notepad.app */;
			productType = "com.apple.product-type.application";
		};
/* End PBXNativeTarget section */

/* Begin PBXProject section */
		572B62DC23F9701F00FFEB29 /* Project object */ = {
			isa = PBXProject;
			attributes = {
				LastSwiftUpdateCheck = 1130;
				LastUpgradeCheck = 1130;
				ORGANIZATIONNAME = geonhyeong;
				TargetAttributes = {
					572B62E323F9702000FFEB29 = {
						CreatedOnToolsVersion = 11.3.1;
					};
				};
			};
			buildConfigurationList = 572B62DF23F9701F00FFEB29 /* Build configuration list for PBXProject "Notepad" */;
			compatibilityVersion = "Xcode 9.3";
			developmentRegion = en;
			hasScannedForEncodings = 0;
			knownRegions = (
				en,
				Base,
			);
			mainGroup = 572B62DB23F9701F00FFEB29;
			productRefGroup = 572B62E523F9702000FFEB29 /* Products */;
			projectDirPath = "";
			projectRoot = "";
			targets = (
				572B62E323F9702000FFEB29 /* Notepad */,
			);
		};
/* End PBXProject section */

/* Begin PBXResourcesBuildPhase section */
		572B62E223F9702000FFEB29 /* Resources */ = {
			isa = PBXResourcesBuildPhase;
			buildActionMask = 2147483647;
			files = (
				572B62F423F9702100FFEB29 /* LaunchScreen.storyboard in Resources */,
				572B62F123F9702100FFEB29 /* Assets.xcassets in Resources */,
				572B62EF23F9702000FFEB29 /* Main.storyboard in Resources */,
			);
			runOnlyForDeploymentPostprocessing = 0;
		};
/* End PBXResourcesBuildPhase section */

/* Begin PBXSourcesBuildPhase section */
		572B62E023F9702000FFEB29 /* Sources */ = {
			isa = PBXSourcesBuildPhase;
			buildActionMask = 2147483647;
			files = (
				57CAEC6F23F993B600674041 /* NoteListableViewController.swift in Sources */,
				57CAEC8223FD882F00674041 /* ExtUIButton.swift in Sources */,
				57CAEC7623F9B6B100674041 /* ExtUITabBar.swift in Sources */,
				57CAEC7E23FD571100674041 /* NoteEditViewModel.swift in Sources */,
				572B62E823F9702000FFEB29 /* AppDelegate.swift in Sources */,
				57CAEC7823FA846800674041 /* PhotoLibraryCollectionViewCell.swift in Sources */,
				57CAEC7223F9A16D00674041 /* PhotoLibraryViewController.swift in Sources */,
				57CAEC6123F97A8E00674041 /* ExtUIStoryboardSegue.swift in Sources */,
				57CAEC8023FD5B4700674041 /* UIViewController.swift in Sources */,
				57CAEC6D23F991B300674041 /* DataCenter.swift in Sources */,
				57CAEC6923F98C9A00674041 /* NoteViewController.swift in Sources */,
				572B62EA23F9702000FFEB29 /* SceneDelegate.swift in Sources */,
				57CAEC7423F9A40E00674041 /* ExtUINavigation.swift in Sources */,
				57CAEC6B23F98D3400674041 /* NoteListTableViewCell.swift in Sources */,
			);
			runOnlyForDeploymentPostprocessing = 0;
		};
/* End PBXSourcesBuildPhase section */

/* Begin PBXVariantGroup section */
		572B62ED23F9702000FFEB29 /* Main.storyboard */ = {
			isa = PBXVariantGroup;
			children = (
				572B62EE23F9702000FFEB29 /* Base */,
			);
			name = Main.storyboard;
			sourceTree = "<group>";
		};
		572B62F223F9702100FFEB29 /* LaunchScreen.storyboard */ = {
			isa = PBXVariantGroup;
			children = (
				572B62F323F9702100FFEB29 /* Base */,
			);
			name = LaunchScreen.storyboard;
			sourceTree = "<group>";
		};
/* End PBXVariantGroup section */

/* Begin XCBuildConfiguration section */
		572B62F623F9702100FFEB29 /* Debug */ = {
			isa = XCBuildConfiguration;
			buildSettings = {
				ALWAYS_SEARCH_USER_PATHS = NO;
				CLANG_ANALYZER_NONNULL = YES;
				CLANG_ANALYZER_NUMBER_OBJECT_CONVERSION = YES_AGGRESSIVE;
				CLANG_CXX_LANGUAGE_STANDARD = "gnu++14";
				CLANG_CXX_LIBRARY = "libc++";
				CLANG_ENABLE_MODULES = YES;
				CLANG_ENABLE_OBJC_ARC = YES;
				CLANG_ENABLE_OBJC_WEAK = YES;
				CLANG_WARN_BLOCK_CAPTURE_AUTORELEASING = YES;
				CLANG_WARN_BOOL_CONVERSION = YES;
				CLANG_WARN_COMMA = YES;
				CLANG_WARN_CONSTANT_CONVERSION = YES;
				CLANG_WARN_DEPRECATED_OBJC_IMPLEMENTATIONS = YES;
				CLANG_WARN_DIRECT_OBJC_ISA_USAGE = YES_ERROR;
				CLANG_WARN_DOCUMENTATION_COMMENTS = YES;
				CLANG_WARN_EMPTY_BODY = YES;
				CLANG_WARN_ENUM_CONVERSION = YES;
				CLANG_WARN_INFINITE_RECURSION = YES;
				CLANG_WARN_INT_CONVERSION = YES;
				CLANG_WARN_NON_LITERAL_NULL_CONVERSION = YES;
				CLANG_WARN_OBJC_IMPLICIT_RETAIN_SELF = YES;
				CLANG_WARN_OBJC_LITERAL_CONVERSION = YES;
				CLANG_WARN_OBJC_ROOT_CLASS = YES_ERROR;
				CLANG_WARN_RANGE_LOOP_ANALYSIS = YES;
				CLANG_WARN_STRICT_PROTOTYPES = YES;
				CLANG_WARN_SUSPICIOUS_MOVE = YES;
				CLANG_WARN_UNGUARDED_AVAILABILITY = YES_AGGRESSIVE;
				CLANG_WARN_UNREACHABLE_CODE = YES;
				CLANG_WARN__DUPLICATE_METHOD_MATCH = YES;
				COPY_PHASE_STRIP = NO;
				DEBUG_INFORMATION_FORMAT = dwarf;
				ENABLE_STRICT_OBJC_MSGSEND = YES;
				ENABLE_TESTABILITY = YES;
				GCC_C_LANGUAGE_STANDARD = gnu11;
				GCC_DYNAMIC_NO_PIC = NO;
				GCC_NO_COMMON_BLOCKS = YES;
				GCC_OPTIMIZATION_LEVEL = 0;
				GCC_PREPROCESSOR_DEFINITIONS = (
					"DEBUG=1",
					"$(inherited)",
				);
				GCC_WARN_64_TO_32_BIT_CONVERSION = YES;
				GCC_WARN_ABOUT_RETURN_TYPE = YES_ERROR;
				GCC_WARN_UNDECLARED_SELECTOR = YES;
				GCC_WARN_UNINITIALIZED_AUTOS = YES_AGGRESSIVE;
				GCC_WARN_UNUSED_FUNCTION = YES;
				GCC_WARN_UNUSED_VARIABLE = YES;
				IPHONEOS_DEPLOYMENT_TARGET = 13.2;
				MTL_ENABLE_DEBUG_INFO = INCLUDE_SOURCE;
				MTL_FAST_MATH = YES;
				ONLY_ACTIVE_ARCH = YES;
				SDKROOT = iphoneos;
				SWIFT_ACTIVE_COMPILATION_CONDITIONS = DEBUG;
				SWIFT_OPTIMIZATION_LEVEL = "-Onone";
			};
			name = Debug;
		};
		572B62F723F9702100FFEB29 /* Release */ = {
			isa = XCBuildConfiguration;
			buildSettings = {
				ALWAYS_SEARCH_USER_PATHS = NO;
				CLANG_ANALYZER_NONNULL = YES;
				CLANG_ANALYZER_NUMBER_OBJECT_CONVERSION = YES_AGGRESSIVE;
				CLANG_CXX_LANGUAGE_STANDARD = "gnu++14";
				CLANG_CXX_LIBRARY = "libc++";
				CLANG_ENABLE_MODULES = YES;
				CLANG_ENABLE_OBJC_ARC = YES;
				CLANG_ENABLE_OBJC_WEAK = YES;
				CLANG_WARN_BLOCK_CAPTURE_AUTORELEASING = YES;
				CLANG_WARN_BOOL_CONVERSION = YES;
				CLANG_WARN_COMMA = YES;
				CLANG_WARN_CONSTANT_CONVERSION = YES;
				CLANG_WARN_DEPRECATED_OBJC_IMPLEMENTATIONS = YES;
				CLANG_WARN_DIRECT_OBJC_ISA_USAGE = YES_ERROR;
				CLANG_WARN_DOCUMENTATION_COMMENTS = YES;
				CLANG_WARN_EMPTY_BODY = YES;
				CLANG_WARN_ENUM_CONVERSION = YES;
				CLANG_WARN_INFINITE_RECURSION = YES;
				CLANG_WARN_INT_CONVERSION = YES;
				CLANG_WARN_NON_LITERAL_NULL_CONVERSION = YES;
				CLANG_WARN_OBJC_IMPLICIT_RETAIN_SELF = YES;
				CLANG_WARN_OBJC_LITERAL_CONVERSION = YES;
				CLANG_WARN_OBJC_ROOT_CLASS = YES_ERROR;
				CLANG_WARN_RANGE_LOOP_ANALYSIS = YES;
				CLANG_WARN_STRICT_PROTOTYPES = YES;
				CLANG_WARN_SUSPICIOUS_MOVE = YES;
				CLANG_WARN_UNGUARDED_AVAILABILITY = YES_AGGRESSIVE;
				CLANG_WARN_UNREACHABLE_CODE = YES;
				CLANG_WARN__DUPLICATE_METHOD_MATCH = YES;
				COPY_PHASE_STRIP = NO;
				DEBUG_INFORMATION_FORMAT = "dwarf-with-dsym";
				ENABLE_NS_ASSERTIONS = NO;
				ENABLE_STRICT_OBJC_MSGSEND = YES;
				GCC_C_LANGUAGE_STANDARD = gnu11;
				GCC_NO_COMMON_BLOCKS = YES;
				GCC_WARN_64_TO_32_BIT_CONVERSION = YES;
				GCC_WARN_ABOUT_RETURN_TYPE = YES_ERROR;
				GCC_WARN_UNDECLARED_SELECTOR = YES;
				GCC_WARN_UNINITIALIZED_AUTOS = YES_AGGRESSIVE;
				GCC_WARN_UNUSED_FUNCTION = YES;
				GCC_WARN_UNUSED_VARIABLE = YES;
				IPHONEOS_DEPLOYMENT_TARGET = 13.2;
				MTL_ENABLE_DEBUG_INFO = NO;
				MTL_FAST_MATH = YES;
				SDKROOT = iphoneos;
				SWIFT_COMPILATION_MODE = wholemodule;
				SWIFT_OPTIMIZATION_LEVEL = "-O";
				VALIDATE_PRODUCT = YES;
			};
			name = Release;
		};
		572B62F923F9702100FFEB29 /* Debug */ = {
			isa = XCBuildConfiguration;
			buildSettings = {
				ASSETCATALOG_COMPILER_APPICON_NAME = AppIcon;
				CODE_SIGN_STYLE = Automatic;
				DEVELOPMENT_TEAM = SF6SBNPMLX;
				INFOPLIST_FILE = Notepad/Info.plist;
				LD_RUNPATH_SEARCH_PATHS = (
					"$(inherited)",
					"@executable_path/Frameworks",
				);
				PRODUCT_BUNDLE_IDENTIFIER = geonhyeong.Notepad;
				PRODUCT_NAME = "$(TARGET_NAME)";
				SWIFT_VERSION = 5.0;
				TARGETED_DEVICE_FAMILY = "1,2";
			};
			name = Debug;
		};
		572B62FA23F9702100FFEB29 /* Release */ = {
			isa = XCBuildConfiguration;
			buildSettings = {
				ASSETCATALOG_COMPILER_APPICON_NAME = AppIcon;
				CODE_SIGN_STYLE = Automatic;
				DEVELOPMENT_TEAM = SF6SBNPMLX;
				INFOPLIST_FILE = Notepad/Info.plist;
				LD_RUNPATH_SEARCH_PATHS = (
					"$(inherited)",
					"@executable_path/Frameworks",
				);
				PRODUCT_BUNDLE_IDENTIFIER = geonhyeong.Notepad;
				PRODUCT_NAME = "$(TARGET_NAME)";
				SWIFT_VERSION = 5.0;
				TARGETED_DEVICE_FAMILY = "1,2";
			};
			name = Release;
		};
/* End XCBuildConfiguration section */

/* Begin XCConfigurationList section */
		572B62DF23F9701F00FFEB29 /* Build configuration list for PBXProject "Notepad" */ = {
			isa = XCConfigurationList;
			buildConfigurations = (
				572B62F623F9702100FFEB29 /* Debug */,
				572B62F723F9702100FFEB29 /* Release */,
			);
			defaultConfigurationIsVisible = 0;
			defaultConfigurationName = Release;
		};
		572B62F823F9702100FFEB29 /* Build configuration list for PBXNativeTarget "Notepad" */ = {
			isa = XCConfigurationList;
			buildConfigurations = (
				572B62F923F9702100FFEB29 /* Debug */,
				572B62FA23F9702100FFEB29 /* Release */,
			);
			defaultConfigurationIsVisible = 0;
			defaultConfigurationName = Release;
		};
/* End XCConfigurationList section */
	};
	rootObject = 572B62DC23F9701F00FFEB29 /* Project object */;
}
